
Microsoft Visual Studio Solution File, Format Version 12.00
# Visual Studio Version 16
VisualStudioVersion = 16.0.31624.102
MinimumVisualStudioVersion = 10.0.40219.1
Project("{FAE04EC0-301F-11D3-BF4B-00C04F79EFBC}") = "operadorLogicoOU", "operadorLogicoOU\operadorLogicoOU.csproj", "{474F57F9-152F-42BF-B44C-F38ED05973F8}"
EndProject
Global
	GlobalSection(SolutionConfigurationPlatforms) = preSolution
		Debug|Any CPU = Debug|Any CPU
		Release|Any CPU = Release|Any CPU
	EndGlobalSection
	GlobalSection(ProjectConfigurationPlatforms) = postSolution
		{474F57F9-152F-42BF-B44C-F38ED05973F8}.Debug|Any CPU.ActiveCfg = Debug|Any CPU
		{474F57F9-152F-42BF-B44C-F38ED05973F8}.Debug|Any CPU.Build.0 = Debug|Any CPU
		{474F57F9-152F-42BF-B44C-F38ED05973F8}.Release|Any CPU.ActiveCfg = Release|Any CPU
		{474F57F9-152F-42BF-B44C-F38ED05973F8}.Release|Any CPU.Build.0 = Release|Any CPU
	EndGlobalSection
	GlobalSection(SolutionProperties) = preSolution
		HideSolutionNode = FALSE
	EndGlobalSection
	GlobalSection(ExtensibilityGlobals) = postSolution
		SolutionGuid = {4676B0AF-EC84-4605-AAE5-681B547EE59A}
	EndGlobalSection
EndGlobal
